
Microsoft Visual Studio Solution File, Format Version 12.00
# Visual Studio Version 16
VisualStudioVersion = 16.0.29123.88
MinimumVisualStudioVersion = 10.0.40219.1
Project("{9A19103F-16F7-4668-BE54-9A1E7A4F7556}") = "TribalWars2-CalculationTools", "TribalWars2-CalculationTools.csproj", "{5749401D-66C5-445D-A817-CFED013C09E5}"
EndProject
Global
	GlobalSection(SolutionConfigurationPlatforms) = preSolution
		Debug|Any CPU = Debug|Any CPU
		Release|Any CPU = Release|Any CPU
	EndGlobalSection
	GlobalSection(ProjectConfigurationPlatforms) = postSolution
		{5749401D-66C5-445D-A817-CFED013C09E5}.Debug|Any CPU.ActiveCfg = Debug|Any CPU
		{5749401D-66C5-445D-A817-CFED013C09E5}.Debug|Any CPU.Build.0 = Debug|Any CPU
		{5749401D-66C5-445D-A817-CFED013C09E5}.Release|Any CPU.ActiveCfg = Release|Any CPU
		{5749401D-66C5-445D-A817-CFED013C09E5}.Release|Any CPU.Build.0 = Release|Any CPU
	EndGlobalSection
	GlobalSection(SolutionProperties) = preSolution
		HideSolutionNode = FALSE
	EndGlobalSection
	GlobalSection(ExtensibilityGlobals) = postSolution
		SolutionGuid = {FD04A1B5-EEF5-4BEE-9C40-B67E192EC01D}
	EndGlobalSection
EndGlobal
